<Solution>
  <Configurations>
    <Platform Name="x64" />
  </Configurations>
  <Folder Name="/Solution Items/">
    <File Path=".github/copilot-instructions.md" />
    <File Path="README.md" />
    <File Path="README_NUGET.md" />
  </Folder>
  <Project Path="example/RandomerExample.csproj" />
  <Project Path="src/Randomer.csproj" />
  <Project Path="test/RandomerTest.csproj" />
</Solution>